
Microsoft Visual Studio Solution File, Format Version 12.00
Project("{F2A71F9B-5D33-465A-A702-920D77279786}") = "FSharpToDo", "FSharpToDo\FSharpToDo.fsproj", "{EDC89A5C-8E55-46B5-9D14-02D2BB930E54}"
EndProject
Global
	GlobalSection(SolutionConfigurationPlatforms) = preSolution
		Debug|Any CPU = Debug|Any CPU
		Release|Any CPU = Release|Any CPU
	EndGlobalSection
	GlobalSection(ProjectConfigurationPlatforms) = postSolution
		{EDC89A5C-8E55-46B5-9D14-02D2BB930E54}.Debug|Any CPU.ActiveCfg = Debug|Any CPU
		{EDC89A5C-8E55-46B5-9D14-02D2BB930E54}.Debug|Any CPU.Build.0 = Debug|Any CPU
		{EDC89A5C-8E55-46B5-9D14-02D2BB930E54}.Release|Any CPU.ActiveCfg = Release|Any CPU
		{EDC89A5C-8E55-46B5-9D14-02D2BB930E54}.Release|Any CPU.Build.0 = Release|Any CPU
	EndGlobalSection
EndGlobal
